
Microsoft Visual Studio Solution File, Format Version 12.00
# Visual Studio Version 16
VisualStudioVersion = 16.0.30002.166
MinimumVisualStudioVersion = 10.0.40219.1
Project("{8BC9CEB8-8B4A-11D0-8D11-00A0C91BC942}") = "HeartOfDarkness", "HeartOfDarkness.vcxproj", "{22B0F40F-2183-43CA-9D94-FFF98BF5D90E}"
EndProject
Project("{8BC9CEB8-8B4A-11D0-8D11-00A0C91BC942}") = "SDL2-UWP", "externals\SDL2\VisualC-WinRT\UWP_VS2015\SDL-UWP.vcxproj", "{89E9B32E-A86A-47C3-A948-D2B1622925CE}"
EndProject
Global
	GlobalSection(SolutionConfigurationPlatforms) = preSolution
		Debug|ARM = Debug|ARM
		Debug|ARM64 = Debug|ARM64
		Debug|x64 = Debug|x64
		Debug|x86 = Debug|x86
		Release|ARM = Release|ARM
		Release|ARM64 = Release|ARM64
		Release|x64 = Release|x64
		Release|x86 = Release|x86
	EndGlobalSection
	GlobalSection(ProjectConfigurationPlatforms) = postSolution
		{22B0F40F-2183-43CA-9D94-FFF98BF5D90E}.Debug|ARM.ActiveCfg = Debug|ARM
		{22B0F40F-2183-43CA-9D94-FFF98BF5D90E}.Debug|ARM.Build.0 = Debug|ARM
		{22B0F40F-2183-43CA-9D94-FFF98BF5D90E}.Debug|ARM.Deploy.0 = Debug|ARM
		{22B0F40F-2183-43CA-9D94-FFF98BF5D90E}.Debug|ARM64.ActiveCfg = Debug|ARM64
		{22B0F40F-2183-43CA-9D94-FFF98BF5D90E}.Debug|ARM64.Build.0 = Debug|ARM64
		{22B0F40F-2183-43CA-9D94-FFF98BF5D90E}.Debug|ARM64.Deploy.0 = Debug|ARM64
		{22B0F40F-2183-43CA-9D94-FFF98BF5D90E}.Debug|x64.ActiveCfg = Debug|x64
		{22B0F40F-2183-43CA-9D94-FFF98BF5D90E}.Debug|x64.Build.0 = Debug|x64
		{22B0F40F-2183-43CA-9D94-FFF98BF5D90E}.Debug|x64.Deploy.0 = Debug|x64
		{22B0F40F-2183-43CA-9D94-FFF98BF5D90E}.Debug|x86.ActiveCfg = Debug|Win32
		{22B0F40F-2183-43CA-9D94-FFF98BF5D90E}.Debug|x86.Build.0 = Debug|Win32
		{22B0F40F-2183-43CA-9D94-FFF98BF5D90E}.Debug|x86.Deploy.0 = Debug|Win32
		{22B0F40F-2183-43CA-9D94-FFF98BF5D90E}.Release|ARM.ActiveCfg = Release|ARM
		{22B0F40F-2183-43CA-9D94-FFF98BF5D90E}.Release|ARM.Build.0 = Release|ARM
		{22B0F40F-2183-43CA-9D94-FFF98BF5D90E}.Release|ARM.Deploy.0 = Release|ARM
		{22B0F40F-2183-43CA-9D94-FFF98BF5D90E}.Release|ARM64.ActiveCfg = Release|ARM64
		{22B0F40F-2183-43CA-9D94-FFF98BF5D90E}.Release|ARM64.Build.0 = Release|ARM64
		{22B0F40F-2183-43CA-9D94-FFF98BF5D90E}.Release|ARM64.Deploy.0 = Release|ARM64
		{22B0F40F-2183-43CA-9D94-FFF98BF5D90E}.Release|x64.ActiveCfg = Release|x64
		{22B0F40F-2183-43CA-9D94-FFF98BF5D90E}.Release|x64.Build.0 = Release|x64
		{22B0F40F-2183-43CA-9D94-FFF98BF5D90E}.Release|x64.Deploy.0 = Release|x64
		{22B0F40F-2183-43CA-9D94-FFF98BF5D90E}.Release|x86.ActiveCfg = Release|Win32
		{22B0F40F-2183-43CA-9D94-FFF98BF5D90E}.Release|x86.Build.0 = Release|Win32
		{22B0F40F-2183-43CA-9D94-FFF98BF5D90E}.Release|x86.Deploy.0 = Release|Win32
		{89E9B32E-A86A-47C3-A948-D2B1622925CE}.Debug|ARM.ActiveCfg = Debug|ARM
		{89E9B32E-A86A-47C3-A948-D2B1622925CE}.Debug|ARM.Build.0 = Debug|ARM
		{89E9B32E-A86A-47C3-A948-D2B1622925CE}.Debug|ARM64.ActiveCfg = Debug|Win32
		{89E9B32E-A86A-47C3-A948-D2B1622925CE}.Debug|x64.ActiveCfg = Debug|x64
		{89E9B32E-A86A-47C3-A948-D2B1622925CE}.Debug|x64.Build.0 = Debug|x64
		{89E9B32E-A86A-47C3-A948-D2B1622925CE}.Debug|x86.ActiveCfg = Debug|Win32
		{89E9B32E-A86A-47C3-A948-D2B1622925CE}.Debug|x86.Build.0 = Debug|Win32
		{89E9B32E-A86A-47C3-A948-D2B1622925CE}.Release|ARM.ActiveCfg = Release|ARM
		{89E9B32E-A86A-47C3-A948-D2B1622925CE}.Release|ARM.Build.0 = Release|ARM
		{89E9B32E-A86A-47C3-A948-D2B1622925CE}.Release|ARM64.ActiveCfg = Release|Win32
		{89E9B32E-A86A-47C3-A948-D2B1622925CE}.Release|x64.ActiveCfg = Release|x64
		{89E9B32E-A86A-47C3-A948-D2B1622925CE}.Release|x64.Build.0 = Release|x64
		{89E9B32E-A86A-47C3-A948-D2B1622925CE}.Release|x86.ActiveCfg = Release|Win32
		{89E9B32E-A86A-47C3-A948-D2B1622925CE}.Release|x86.Build.0 = Release|Win32
	EndGlobalSection
	GlobalSection(SolutionProperties) = preSolution
		HideSolutionNode = FALSE
	EndGlobalSection
	GlobalSection(ExtensibilityGlobals) = postSolution
		SolutionGuid = {1E0816F0-748E-4A66-BD87-89B623F9FFDC}
	EndGlobalSection
EndGlobal
